// !$*UTF8*$!
{
	archiveVersion = 1;
	classes = {
	};
	objectVersion = 46;
	objects = {

/* Begin PBXBuildFile section */
		0D2C02B81AB8394400A45056 /* main.m in Sources */ = {isa = PBXBuildFile; fileRef = 0D2C02B71AB8394400A45056 /* main.m */; };
		0D2C02BB1AB8394400A45056 /* AppDelegate.m in Sources */ = {isa = PBXBuildFile; fileRef = 0D2C02BA1AB8394400A45056 /* AppDelegate.m */; };
		0D2C02BE1AB8394400A45056 /* MasterViewController.m in Sources */ = {isa = PBXBuildFile; fileRef = 0D2C02BD1AB8394400A45056 /* MasterViewController.m */; };
		0D2C02C11AB8394400A45056 /* DetailViewController.m in Sources */ = {isa = PBXBuildFile; fileRef = 0D2C02C01AB8394400A45056 /* DetailViewController.m */; };
		0D2C02C41AB8394400A45056 /* Main.storyboard in Resources */ = {isa = PBXBuildFile; fileRef = 0D2C02C21AB8394400A45056 /* Main.storyboard */; };
		0D2C02C61AB8394400A45056 /* Images.xcassets in Resources */ = {isa = PBXBuildFile; fileRef = 0D2C02C51AB8394400A45056 /* Images.xcassets */; };
		0D2C02C91AB8394400A45056 /* LaunchScreen.xib in Resources */ = {isa = PBXBuildFile; fileRef = 0D2C02C71AB8394400A45056 /* LaunchScreen.xib */; };
		0D2C02D51AB8394500A45056 /* MelodiesTests.m in Sources */ = {isa = PBXBuildFile; fileRef = 0D2C02D41AB8394500A45056 /* MelodiesTests.m */; };
		0D2C02E71AB83BEE00A45056 /* Melodies.m in Sources */ = {isa = PBXBuildFile; fileRef = 0D2C02E21AB83BEE00A45056 /* Melodies.m */; };
		0D2C02E81AB83BEE00A45056 /* MelodyModelData.m in Sources */ = {isa = PBXBuildFile; fileRef = 0D2C02E41AB83BEE00A45056 /* MelodyModelData.m */; };
		0D2C02E91AB83BEE00A45056 /* Tags.m in Sources */ = {isa = PBXBuildFile; fileRef = 0D2C02E61AB83BEE00A45056 /* Tags.m */; };
		0D2C03111AB83C8400A45056 /* AFHTTPRequestOperation.m in Sources */ = {isa = PBXBuildFile; fileRef = 0D2C02ED1AB83C8400A45056 /* AFHTTPRequestOperation.m */; };
		0D2C03121AB83C8400A45056 /* AFHTTPRequestOperationManager.m in Sources */ = {isa = PBXBuildFile; fileRef = 0D2C02EF1AB83C8400A45056 /* AFHTTPRequestOperationManager.m */; };
		0D2C03131AB83C8500A45056 /* AFHTTPSessionManager.m in Sources */ = {isa = PBXBuildFile; fileRef = 0D2C02F11AB83C8400A45056 /* AFHTTPSessionManager.m */; };
		0D2C03141AB83C8500A45056 /* AFNetworkReachabilityManager.m in Sources */ = {isa = PBXBuildFile; fileRef = 0D2C02F41AB83C8400A45056 /* AFNetworkReachabilityManager.m */; };
		0D2C03151AB83C8500A45056 /* AFSecurityPolicy.m in Sources */ = {isa = PBXBuildFile; fileRef = 0D2C02F61AB83C8400A45056 /* AFSecurityPolicy.m */; };
		0D2C03161AB83C8500A45056 /* AFURLConnectionOperation.m in Sources */ = {isa = PBXBuildFile; fileRef = 0D2C02F81AB83C8400A45056 /* AFURLConnectionOperation.m */; };
		0D2C03171AB83C8500A45056 /* AFURLRequestSerialization.m in Sources */ = {isa = PBXBuildFile; fileRef = 0D2C02FA1AB83C8400A45056 /* AFURLRequestSerialization.m */; };
		0D2C03181AB83C8500A45056 /* AFURLResponseSerialization.m in Sources */ = {isa = PBXBuildFile; fileRef = 0D2C02FC1AB83C8400A45056 /* AFURLResponseSerialization.m */; };
		0D2C03191AB83C8500A45056 /* AFURLSessionManager.m in Sources */ = {isa = PBXBuildFile; fileRef = 0D2C02FE1AB83C8400A45056 /* AFURLSessionManager.m */; };
		0D2C031A1AB83C8500A45056 /* AFNetworkActivityIndicatorManager.m in Sources */ = {isa = PBXBuildFile; fileRef = 0D2C03011AB83C8400A45056 /* AFNetworkActivityIndicatorManager.m */; };
		0D2C031B1AB83C8500A45056 /* UIActivityIndicatorView+AFNetworking.m in Sources */ = {isa = PBXBuildFile; fileRef = 0D2C03031AB83C8400A45056 /* UIActivityIndicatorView+AFNetworking.m */; };
		0D2C031C1AB83C8500A45056 /* UIAlertView+AFNetworking.m in Sources */ = {isa = PBXBuildFile; fileRef = 0D2C03051AB83C8400A45056 /* UIAlertView+AFNetworking.m */; };
		0D2C031D1AB83C8500A45056 /* UIButton+AFNetworking.m in Sources */ = {isa = PBXBuildFile; fileRef = 0D2C03071AB83C8400A45056 /* UIButton+AFNetworking.m */; };
		0D2C031E1AB83C8500A45056 /* UIImageView+AFNetworking.m in Sources */ = {isa = PBXBuildFile; fileRef = 0D2C03091AB83C8400A45056 /* UIImageView+AFNetworking.m */; };
		0D2C031F1AB83C8500A45056 /* UIProgressView+AFNetworking.m in Sources */ = {isa = PBXBuildFile; fileRef = 0D2C030C1AB83C8400A45056 /* UIProgressView+AFNetworking.m */; };
		0D2C03201AB83C8500A45056 /* UIRefreshControl+AFNetworking.m in Sources */ = {isa = PBXBuildFile; fileRef = 0D2C030E1AB83C8400A45056 /* UIRefreshControl+AFNetworking.m */; };
		0D2C03211AB83C8500A45056 /* UIWebView+AFNetworking.m in Sources */ = {isa = PBXBuildFile; fileRef = 0D2C03101AB83C8400A45056 /* UIWebView+AFNetworking.m */; };
		0D2C03251AB83CE500A45056 /* APINetController.m in Sources */ = {isa = PBXBuildFile; fileRef = 0D2C03241AB83CE500A45056 /* APINetController.m */; };
		0D2C032C1AB845A300A45056 /* MelodyTableViewCell.m in Sources */ = {isa = PBXBuildFile; fileRef = 0D2C032B1AB845A300A45056 /* MelodyTableViewCell.m */; };
		0D2C03301AB84BC900A45056 /* AsyncImageView.m in Sources */ = {isa = PBXBuildFile; fileRef = 0D2C032F1AB84BC900A45056 /* AsyncImageView.m */; };
		0D2C033A1AB89ACB00A45056 /* Default-568h@2x.png in Resources */ = {isa = PBXBuildFile; fileRef = 0D2C03391AB89ACB00A45056 /* Default-568h@2x.png */; };
		0D2C033E1AB89D8200A45056 /* MBProgressHUD.m in Sources */ = {isa = PBXBuildFile; fileRef = 0D2C033D1AB89D8200A45056 /* MBProgressHUD.m */; };
/* End PBXBuildFile section */

/* Begin PBXContainerItemProxy section */
		0D2C02CF1AB8394500A45056 /* PBXContainerItemProxy */ = {
			isa = PBXContainerItemProxy;
			containerPortal = 0D2C02AA1AB8394400A45056 /* Project object */;
			proxyType = 1;
			remoteGlobalIDString = 0D2C02B11AB8394400A45056;
			remoteInfo = Melodies;
		};
/* End PBXContainerItemProxy section */

/* Begin PBXFileReference section */
		0D2C02B21AB8394400A45056 /* Melodies.app */ = {isa = PBXFileReference; explicitFileType = wrapper.application; includeInIndex = 0; path = Melodies.app; sourceTree = BUILT_PRODUCTS_DIR; };
		0D2C02B61AB8394400A45056 /* Info.plist */ = {isa = PBXFileReference; lastKnownFileType = text.plist.xml; path = Info.plist; sourceTree = "<group>"; };
		0D2C02B71AB8394400A45056 /* main.m */ = {isa = PBXFileReference; lastKnownFileType = sourcecode.c.objc; path = main.m; sourceTree = "<group>"; };
		0D2C02B91AB8394400A45056 /* AppDelegate.h */ = {isa = PBXFileReference; lastKnownFileType = sourcecode.c.h; path = AppDelegate.h; sourceTree = "<group>"; };
		0D2C02BA1AB8394400A45056 /* AppDelegate.m */ = {isa = PBXFileReference; lastKnownFileType = sourcecode.c.objc; path = AppDelegate.m; sourceTree = "<group>"; };
		0D2C02BC1AB8394400A45056 /* MasterViewController.h */ = {isa = PBXFileReference; lastKnownFileType = sourcecode.c.h; path = MasterViewController.h; sourceTree = "<group>"; };
		0D2C02BD1AB8394400A45056 /* MasterViewController.m */ = {isa = PBXFileReference; lastKnownFileType = sourcecode.c.objc; path = MasterViewController.m; sourceTree = "<group>"; };
		0D2C02BF1AB8394400A45056 /* DetailViewController.h */ = {isa = PBXFileReference; lastKnownFileType = sourcecode.c.h; path = DetailViewController.h; sourceTree = "<group>"; };
		0D2C02C01AB8394400A45056 /* DetailViewController.m */ = {isa = PBXFileReference; lastKnownFileType = sourcecode.c.objc; path = DetailViewController.m; sourceTree = "<group>"; };
		0D2C02C31AB8394400A45056 /* Base */ = {isa = PBXFileReference; lastKnownFileType = file.storyboard; name = Base; path = Base.lproj/Main.storyboard; sourceTree = "<group>"; };
		0D2C02C51AB8394400A45056 /* Images.xcassets */ = {isa = PBXFileReference; lastKnownFileType = folder.assetcatalog; path = Images.xcassets; sourceTree = "<group>"; };
		0D2C02C81AB8394400A45056 /* Base */ = {isa = PBXFileReference; lastKnownFileType = file.xib; name = Base; path = Base.lproj/LaunchScreen.xib; sourceTree = "<group>"; };
		0D2C02CE1AB8394500A45056 /* MelodiesTests.xctest */ = {isa = PBXFileReference; explicitFileType = wrapper.cfbundle; includeInIndex = 0; path = MelodiesTests.xctest; sourceTree = BUILT_PRODUCTS_DIR; };
		0D2C02D31AB8394500A45056 /* Info.plist */ = {isa = PBXFileReference; lastKnownFileType = text.plist.xml; path = Info.plist; sourceTree = "<group>"; };
		0D2C02D41AB8394500A45056 /* MelodiesTests.m */ = {isa = PBXFileReference; lastKnownFileType = sourcecode.c.objc; path = MelodiesTests.m; sourceTree = "<group>"; };
		0D2C02E01AB83BEE00A45056 /* DataModels.h */ = {isa = PBXFileReference; fileEncoding = 4; lastKnownFileType = sourcecode.c.h; name = DataModels.h; path = DataModel/DataModels.h; sourceTree = "<group>"; };
		0D2C02E11AB83BEE00A45056 /* Melodies.h */ = {isa = PBXFileReference; fileEncoding = 4; lastKnownFileType = sourcecode.c.h; name = Melodies.h; path = DataModel/Melodies.h; sourceTree = "<group>"; };
		0D2C02E21AB83BEE00A45056 /* Melodies.m */ = {isa = PBXFileReference; fileEncoding = 4; lastKnownFileType = sourcecode.c.objc; name = Melodies.m; path = DataModel/Melodies.m; sourceTree = "<group>"; };
		0D2C02E31AB83BEE00A45056 /* MelodyModelData.h */ = {isa = PBXFileReference; fileEncoding = 4; lastKnownFileType = sourcecode.c.h; name = MelodyModelData.h; path = DataModel/MelodyModelData.h; sourceTree = "<group>"; };
		0D2C02E41AB83BEE00A45056 /* MelodyModelData.m */ = {isa = PBXFileReference; fileEncoding = 4; lastKnownFileType = sourcecode.c.objc; name = MelodyModelData.m; path = DataModel/MelodyModelData.m; sourceTree = "<group>"; };
		0D2C02E51AB83BEE00A45056 /* Tags.h */ = {isa = PBXFileReference; fileEncoding = 4; lastKnownFileType = sourcecode.c.h; name = Tags.h; path = DataModel/Tags.h; sourceTree = "<group>"; };
		0D2C02E61AB83BEE00A45056 /* Tags.m */ = {isa = PBXFileReference; fileEncoding = 4; lastKnownFileType = sourcecode.c.objc; name = Tags.m; path = DataModel/Tags.m; sourceTree = "<group>"; };
		0D2C02EC1AB83C8400A45056 /* AFHTTPRequestOperation.h */ = {isa = PBXFileReference; fileEncoding = 4; lastKnownFileType = sourcecode.c.h; path = AFHTTPRequestOperation.h; sourceTree = "<group>"; };
		0D2C02ED1AB83C8400A45056 /* AFHTTPRequestOperation.m */ = {isa = PBXFileReference; fileEncoding = 4; lastKnownFileType = sourcecode.c.objc; path = AFHTTPRequestOperation.m; sourceTree = "<group>"; };
		0D2C02EE1AB83C8400A45056 /* AFHTTPRequestOperationManager.h */ = {isa = PBXFileReference; fileEncoding = 4; lastKnownFileType = sourcecode.c.h; path = AFHTTPRequestOperationManager.h; sourceTree = "<group>"; };
		0D2C02EF1AB83C8400A45056 /* AFHTTPRequestOperationManager.m */ = {isa = PBXFileReference; fileEncoding = 4; lastKnownFileType = sourcecode.c.objc; path = AFHTTPRequestOperationManager.m; sourceTree = "<group>"; };
		0D2C02F01AB83C8400A45056 /* AFHTTPSessionManager.h */ = {isa = PBXFileReference; fileEncoding = 4; lastKnownFileType = sourcecode.c.h; path = AFHTTPSessionManager.h; sourceTree = "<group>"; };
		0D2C02F11AB83C8400A45056 /* AFHTTPSessionManager.m */ = {isa = PBXFileReference; fileEncoding = 4; lastKnownFileType = sourcecode.c.objc; path = AFHTTPSessionManager.m; sourceTree = "<group>"; };
		0D2C02F21AB83C8400A45056 /* AFNetworking.h */ = {isa = PBXFileReference; fileEncoding = 4; lastKnownFileType = sourcecode.c.h; path = AFNetworking.h; sourceTree = "<group>"; };
		0D2C02F31AB83C8400A45056 /* AFNetworkReachabilityManager.h */ = {isa = PBXFileReference; fileEncoding = 4; lastKnownFileType = sourcecode.c.h; path = AFNetworkReachabilityManager.h; sourceTree = "<group>"; };
		0D2C02F41AB83C8400A45056 /* AFNetworkReachabilityManager.m */ = {isa = PBXFileReference; fileEncoding = 4; lastKnownFileType = sourcecode.c.objc; path = AFNetworkReachabilityManager.m; sourceTree = "<group>"; };
		0D2C02F51AB83C8400A45056 /* AFSecurityPolicy.h */ = {isa = PBXFileReference; fileEncoding = 4; lastKnownFileType = sourcecode.c.h; path = AFSecurityPolicy.h; sourceTree = "<group>"; };
		0D2C02F61AB83C8400A45056 /* AFSecurityPolicy.m */ = {isa = PBXFileReference; fileEncoding = 4; lastKnownFileType = sourcecode.c.objc; path = AFSecurityPolicy.m; sourceTree = "<group>"; };
		0D2C02F71AB83C8400A45056 /* AFURLConnectionOperation.h */ = {isa = PBXFileReference; fileEncoding = 4; lastKnownFileType = sourcecode.c.h; path = AFURLConnectionOperation.h; sourceTree = "<group>"; };
		0D2C02F81AB83C8400A45056 /* AFURLConnectionOperation.m */ = {isa = PBXFileReference; fileEncoding = 4; lastKnownFileType = sourcecode.c.objc; path = AFURLConnectionOperation.m; sourceTree = "<group>"; };
		0D2C02F91AB83C8400A45056 /* AFURLRequestSerialization.h */ = {isa = PBXFileReference; fileEncoding = 4; lastKnownFileType = sourcecode.c.h; path = AFURLRequestSerialization.h; sourceTree = "<group>"; };
		0D2C02FA1AB83C8400A45056 /* AFURLRequestSerialization.m */ = {isa = PBXFileReference; fileEncoding = 4; lastKnownFileType = sourcecode.c.objc; path = AFURLRequestSerialization.m; sourceTree = "<group>"; };
		0D2C02FB1AB83C8400A45056 /* AFURLResponseSerialization.h */ = {isa = PBXFileReference; fileEncoding = 4; lastKnownFileType = sourcecode.c.h; path = AFURLResponseSerialization.h; sourceTree = "<group>"; };
		0D2C02FC1AB83C8400A45056 /* AFURLResponseSerialization.m */ = {isa = PBXFileReference; fileEncoding = 4; lastKnownFileType = sourcecode.c.objc; path = AFURLResponseSerialization.m; sourceTree = "<group>"; };
		0D2C02FD1AB83C8400A45056 /* AFURLSessionManager.h */ = {isa = PBXFileReference; fileEncoding = 4; lastKnownFileType = sourcecode.c.h; path = AFURLSessionManager.h; sourceTree = "<group>"; };
		0D2C02FE1AB83C8400A45056 /* AFURLSessionManager.m */ = {isa = PBXFileReference; fileEncoding = 4; lastKnownFileType = sourcecode.c.objc; path = AFURLSessionManager.m; sourceTree = "<group>"; };
		0D2C03001AB83C8400A45056 /* AFNetworkActivityIndicatorManager.h */ = {isa = PBXFileReference; fileEncoding = 4; lastKnownFileType = sourcecode.c.h; path = AFNetworkActivityIndicatorManager.h; sourceTree = "<group>"; };
		0D2C03011AB83C8400A45056 /* AFNetworkActivityIndicatorManager.m */ = {isa = PBXFileReference; fileEncoding = 4; lastKnownFileType = sourcecode.c.objc; path = AFNetworkActivityIndicatorManager.m; sourceTree = "<group>"; };
		0D2C03021AB83C8400A45056 /* UIActivityIndicatorView+AFNetworking.h */ = {isa = PBXFileReference; fileEncoding = 4; lastKnownFileType = sourcecode.c.h; path = "UIActivityIndicatorView+AFNetworking.h"; sourceTree = "<group>"; };
		0D2C03031AB83C8400A45056 /* UIActivityIndicatorView+AFNetworking.m */ = {isa = PBXFileReference; fileEncoding = 4; lastKnownFileType = sourcecode.c.objc; path = "UIActivityIndicatorView+AFNetworking.m"; sourceTree = "<group>"; };
		0D2C03041AB83C8400A45056 /* UIAlertView+AFNetworking.h */ = {isa = PBXFileReference; fileEncoding = 4; lastKnownFileType = sourcecode.c.h; path = "UIAlertView+AFNetworking.h"; sourceTree = "<group>"; };
		0D2C03051AB83C8400A45056 /* UIAlertView+AFNetworking.m */ = {isa = PBXFileReference; fileEncoding = 4; lastKnownFileType = sourcecode.c.objc; path = "UIAlertView+AFNetworking.m"; sourceTree = "<group>"; };
		0D2C03061AB83C8400A45056 /* UIButton+AFNetworking.h */ = {isa = PBXFileReference; fileEncoding = 4; lastKnownFileType = sourcecode.c.h; path = "UIButton+AFNetworking.h"; sourceTree = "<group>"; };
		0D2C03071AB83C8400A45056 /* UIButton+AFNetworking.m */ = {isa = PBXFileReference; fileEncoding = 4; lastKnownFileType = sourcecode.c.objc; path = "UIButton+AFNetworking.m"; sourceTree = "<group>"; };
		0D2C03081AB83C8400A45056 /* UIImageView+AFNetworking.h */ = {isa = PBXFileReference; fileEncoding = 4; lastKnownFileType = sourcecode.c.h; path = "UIImageView+AFNetworking.h"; sourceTree = "<group>"; };
		0D2C03091AB83C8400A45056 /* UIImageView+AFNetworking.m */ = {isa = PBXFileReference; fileEncoding = 4; lastKnownFileType = sourcecode.c.objc; path = "UIImageView+AFNetworking.m"; sourceTree = "<group>"; };
		0D2C030A1AB83C8400A45056 /* UIKit+AFNetworking.h */ = {isa = PBXFileReference; fileEncoding = 4; lastKnownFileType = sourcecode.c.h; path = "UIKit+AFNetworking.h"; sourceTree = "<group>"; };
		0D2C030B1AB83C8400A45056 /* UIProgressView+AFNetworking.h */ = {isa = PBXFileReference; fileEncoding = 4; lastKnownFileType = sourcecode.c.h; path = "UIProgressView+AFNetworking.h"; sourceTree = "<group>"; };
		0D2C030C1AB83C8400A45056 /* UIProgressView+AFNetworking.m */ = {isa = PBXFileReference; fileEncoding = 4; lastKnownFileType = sourcecode.c.objc; path = "UIProgressView+AFNetworking.m"; sourceTree = "<group>"; };
		0D2C030D1AB83C8400A45056 /* UIRefreshControl+AFNetworking.h */ = {isa = PBXFileReference; fileEncoding = 4; lastKnownFileType = sourcecode.c.h; path = "UIRefreshControl+AFNetworking.h"; sourceTree = "<group>"; };
		0D2C030E1AB83C8400A45056 /* UIRefreshControl+AFNetworking.m */ = {isa = PBXFileReference; fileEncoding = 4; lastKnownFileType = sourcecode.c.objc; path = "UIRefreshControl+AFNetworking.m"; sourceTree = "<group>"; };
		0D2C030F1AB83C8400A45056 /* UIWebView+AFNetworking.h */ = {isa = PBXFileReference; fileEncoding = 4; lastKnownFileType = sourcecode.c.h; path = "UIWebView+AFNetworking.h"; sourceTree = "<group>"; };
		0D2C03101AB83C8400A45056 /* UIWebView+AFNetworking.m */ = {isa = PBXFileReference; fileEncoding = 4; lastKnownFileType = sourcecode.c.objc; path = "UIWebView+AFNetworking.m"; sourceTree = "<group>"; };
		0D2C03231AB83CE500A45056 /* APINetController.h */ = {isa = PBXFileReference; fileEncoding = 4; lastKnownFileType = sourcecode.c.h; path = APINetController.h; sourceTree = "<group>"; };
		0D2C03241AB83CE500A45056 /* APINetController.m */ = {isa = PBXFileReference; fileEncoding = 4; lastKnownFileType = sourcecode.c.objc; path = APINetController.m; sourceTree = "<group>"; };
		0D2C032A1AB845A300A45056 /* MelodyTableViewCell.h */ = {isa = PBXFileReference; fileEncoding = 4; lastKnownFileType = sourcecode.c.h; name = MelodyTableViewCell.h; path = View/MelodyTableViewCell.h; sourceTree = "<group>"; };
		0D2C032B1AB845A300A45056 /* MelodyTableViewCell.m */ = {isa = PBXFileReference; fileEncoding = 4; lastKnownFileType = sourcecode.c.objc; name = MelodyTableViewCell.m; path = View/MelodyTableViewCell.m; sourceTree = "<group>"; };
		0D2C032E1AB84BC900A45056 /* AsyncImageView.h */ = {isa = PBXFileReference; fileEncoding = 4; lastKnownFileType = sourcecode.c.h; path = AsyncImageView.h; sourceTree = "<group>"; };
		0D2C032F1AB84BC900A45056 /* AsyncImageView.m */ = {isa = PBXFileReference; fileEncoding = 4; lastKnownFileType = sourcecode.c.objc; path = AsyncImageView.m; sourceTree = "<group>"; };
		0D2C03391AB89ACB00A45056 /* Default-568h@2x.png */ = {isa = PBXFileReference; lastKnownFileType = image.png; path = "Default-568h@2x.png"; sourceTree = "<group>"; };
		0D2C033C1AB89D8200A45056 /* MBProgressHUD.h */ = {isa = PBXFileReference; fileEncoding = 4; lastKnownFileType = sourcecode.c.h; path = MBProgressHUD.h; sourceTree = "<group>"; };
		0D2C033D1AB89D8200A45056 /* MBProgressHUD.m */ = {isa = PBXFileReference; fileEncoding = 4; lastKnownFileType = sourcecode.c.objc; path = MBProgressHUD.m; sourceTree = "<group>"; };
/* End PBXFileReference section */

/* Begin PBXFrameworksBuildPhase section */
		0D2C02AF1AB8394400A45056 /* Frameworks */ = {
			isa = PBXFrameworksBuildPhase;
			buildActionMask = 2147483647;
			files = (
			);
			runOnlyForDeploymentPostprocessing = 0;
		};
		0D2C02CB1AB8394500A45056 /* Frameworks */ = {
			isa = PBXFrameworksBuildPhase;
			buildActionMask = 2147483647;
			files = (
			);
			runOnlyForDeploymentPostprocessing = 0;
		};
/* End PBXFrameworksBuildPhase section */

/* Begin PBXGroup section */
		0D2C02A91AB8394400A45056 = {
			isa = PBXGroup;
			children = (
				0D2C02B41AB8394400A45056 /* Melodies */,
				0D2C02D11AB8394500A45056 /* MelodiesTests */,
				0D2C02B31AB8394400A45056 /* Products */,
			);
			sourceTree = "<group>";
		};
		0D2C02B31AB8394400A45056 /* Products */ = {
			isa = PBXGroup;
			children = (
				0D2C02B21AB8394400A45056 /* Melodies.app */,
				0D2C02CE1AB8394500A45056 /* MelodiesTests.xctest */,
			);
			name = Products;
			sourceTree = "<group>";
		};
		0D2C02B41AB8394400A45056 /* Melodies */ = {
			isa = PBXGroup;
			children = (
				0D2C03291AB8456700A45056 /* Views */,
				0D2C03221AB83CE500A45056 /* APIController */,
				0D2C02DF1AB83AE600A45056 /* DataModel */,
				0D2C02DE1AB83A6300A45056 /* Controllers */,
				0D2C02C21AB8394400A45056 /* Main.storyboard */,
				0D2C02C51AB8394400A45056 /* Images.xcassets */,
				0D2C02C71AB8394400A45056 /* LaunchScreen.xib */,
				0D2C02EA1AB83C8400A45056 /* ThirdParties */,
				0D2C02B51AB8394400A45056 /* Supporting Files */,
			);
			path = Melodies;
			sourceTree = "<group>";
		};
		0D2C02B51AB8394400A45056 /* Supporting Files */ = {
			isa = PBXGroup;
			children = (
				0D2C02B91AB8394400A45056 /* AppDelegate.h */,
				0D2C02BA1AB8394400A45056 /* AppDelegate.m */,
				0D2C03391AB89ACB00A45056 /* Default-568h@2x.png */,
				0D2C02B61AB8394400A45056 /* Info.plist */,
				0D2C02B71AB8394400A45056 /* main.m */,
			);
			name = "Supporting Files";
			sourceTree = "<group>";
		};
		0D2C02D11AB8394500A45056 /* MelodiesTests */ = {
			isa = PBXGroup;
			children = (
				0D2C02D41AB8394500A45056 /* MelodiesTests.m */,
				0D2C02D21AB8394500A45056 /* Supporting Files */,
			);
			path = MelodiesTests;
			sourceTree = "<group>";
		};
		0D2C02D21AB8394500A45056 /* Supporting Files */ = {
			isa = PBXGroup;
			children = (
				0D2C02D31AB8394500A45056 /* Info.plist */,
			);
			name = "Supporting Files";
			sourceTree = "<group>";
		};
		0D2C02DE1AB83A6300A45056 /* Controllers */ = {
			isa = PBXGroup;
			children = (
				0D2C02BC1AB8394400A45056 /* MasterViewController.h */,
				0D2C02BD1AB8394400A45056 /* MasterViewController.m */,
				0D2C02BF1AB8394400A45056 /* DetailViewController.h */,
				0D2C02C01AB8394400A45056 /* DetailViewController.m */,
			);
			name = Controllers;
			sourceTree = "<group>";
		};
		0D2C02DF1AB83AE600A45056 /* DataModel */ = {
			isa = PBXGroup;
			children = (
				0D2C02E01AB83BEE00A45056 /* DataModels.h */,
				0D2C02E11AB83BEE00A45056 /* Melodies.h */,
				0D2C02E21AB83BEE00A45056 /* Melodies.m */,
				0D2C02E31AB83BEE00A45056 /* MelodyModelData.h */,
				0D2C02E41AB83BEE00A45056 /* MelodyModelData.m */,
				0D2C02E51AB83BEE00A45056 /* Tags.h */,
				0D2C02E61AB83BEE00A45056 /* Tags.m */,
			);
			name = DataModel;
			sourceTree = "<group>";
		};
		0D2C02EA1AB83C8400A45056 /* ThirdParties */ = {
			isa = PBXGroup;
			children = (
				0D2C033B1AB89D8200A45056 /* MBProgressHUD */,
				0D2C032D1AB84BC900A45056 /* AsyncImageView */,
				0D2C02EB1AB83C8400A45056 /* AFNetworking */,
				0D2C02FF1AB83C8400A45056 /* UIKit+AFNetworking */,
			);
			path = ThirdParties;
			sourceTree = "<group>";
		};
		0D2C02EB1AB83C8400A45056 /* AFNetworking */ = {
			isa = PBXGroup;
			children = (
				0D2C02EC1AB83C8400A45056 /* AFHTTPRequestOperation.h */,
				0D2C02ED1AB83C8400A45056 /* AFHTTPRequestOperation.m */,
				0D2C02EE1AB83C8400A45056 /* AFHTTPRequestOperationManager.h */,
				0D2C02EF1AB83C8400A45056 /* AFHTTPRequestOperationManager.m */,
				0D2C02F01AB83C8400A45056 /* AFHTTPSessionManager.h */,
				0D2C02F11AB83C8400A45056 /* AFHTTPSessionManager.m */,
				0D2C02F21AB83C8400A45056 /* AFNetworking.h */,
				0D2C02F31AB83C8400A45056 /* AFNetworkReachabilityManager.h */,
				0D2C02F41AB83C8400A45056 /* AFNetworkReachabilityManager.m */,
				0D2C02F51AB83C8400A45056 /* AFSecurityPolicy.h */,
				0D2C02F61AB83C8400A45056 /* AFSecurityPolicy.m */,
				0D2C02F71AB83C8400A45056 /* AFURLConnectionOperation.h */,
				0D2C02F81AB83C8400A45056 /* AFURLConnectionOperation.m */,
				0D2C02F91AB83C8400A45056 /* AFURLRequestSerialization.h */,
				0D2C02FA1AB83C8400A45056 /* AFURLRequestSerialization.m */,
				0D2C02FB1AB83C8400A45056 /* AFURLResponseSerialization.h */,
				0D2C02FC1AB83C8400A45056 /* AFURLResponseSerialization.m */,
				0D2C02FD1AB83C8400A45056 /* AFURLSessionManager.h */,
				0D2C02FE1AB83C8400A45056 /* AFURLSessionManager.m */,
			);
			path = AFNetworking;
			sourceTree = "<group>";
		};
		0D2C02FF1AB83C8400A45056 /* UIKit+AFNetworking */ = {
			isa = PBXGroup;
			children = (
				0D2C03001AB83C8400A45056 /* AFNetworkActivityIndicatorManager.h */,
				0D2C03011AB83C8400A45056 /* AFNetworkActivityIndicatorManager.m */,
				0D2C03021AB83C8400A45056 /* UIActivityIndicatorView+AFNetworking.h */,
				0D2C03031AB83C8400A45056 /* UIActivityIndicatorView+AFNetworking.m */,
				0D2C03041AB83C8400A45056 /* UIAlertView+AFNetworking.h */,
				0D2C03051AB83C8400A45056 /* UIAlertView+AFNetworking.m */,
				0D2C03061AB83C8400A45056 /* UIButton+AFNetworking.h */,
				0D2C03071AB83C8400A45056 /* UIButton+AFNetworking.m */,
				0D2C03081AB83C8400A45056 /* UIImageView+AFNetworking.h */,
				0D2C03091AB83C8400A45056 /* UIImageView+AFNetworking.m */,
				0D2C030A1AB83C8400A45056 /* UIKit+AFNetworking.h */,
				0D2C030B1AB83C8400A45056 /* UIProgressView+AFNetworking.h */,
				0D2C030C1AB83C8400A45056 /* UIProgressView+AFNetworking.m */,
				0D2C030D1AB83C8400A45056 /* UIRefreshControl+AFNetworking.h */,
				0D2C030E1AB83C8400A45056 /* UIRefreshControl+AFNetworking.m */,
				0D2C030F1AB83C8400A45056 /* UIWebView+AFNetworking.h */,
				0D2C03101AB83C8400A45056 /* UIWebView+AFNetworking.m */,
			);
			path = "UIKit+AFNetworking";
			sourceTree = "<group>";
		};
		0D2C03221AB83CE500A45056 /* APIController */ = {
			isa = PBXGroup;
			children = (
				0D2C03231AB83CE500A45056 /* APINetController.h */,
				0D2C03241AB83CE500A45056 /* APINetController.m */,
			);
			path = APIController;
			sourceTree = "<group>";
		};
		0D2C03291AB8456700A45056 /* Views */ = {
			isa = PBXGroup;
			children = (
				0D2C032A1AB845A300A45056 /* MelodyTableViewCell.h */,
				0D2C032B1AB845A300A45056 /* MelodyTableViewCell.m */,
			);
			name = Views;
			sourceTree = "<group>";
		};
		0D2C032D1AB84BC900A45056 /* AsyncImageView */ = {
			isa = PBXGroup;
			children = (
				0D2C032E1AB84BC900A45056 /* AsyncImageView.h */,
				0D2C032F1AB84BC900A45056 /* AsyncImageView.m */,
			);
			path = AsyncImageView;
			sourceTree = "<group>";
		};
		0D2C033B1AB89D8200A45056 /* MBProgressHUD */ = {
			isa = PBXGroup;
			children = (
				0D2C033C1AB89D8200A45056 /* MBProgressHUD.h */,
				0D2C033D1AB89D8200A45056 /* MBProgressHUD.m */,
			);
			path = MBProgressHUD;
			sourceTree = "<group>";
		};
/* End PBXGroup section */

/* Begin PBXNativeTarget section */
		0D2C02B11AB8394400A45056 /* Melodies */ = {
			isa = PBXNativeTarget;
			buildConfigurationList = 0D2C02D81AB8394500A45056 /* Build configuration list for PBXNativeTarget "Melodies" */;
			buildPhases = (
				0D2C02AE1AB8394400A45056 /* Sources */,
				0D2C02AF1AB8394400A45056 /* Frameworks */,
				0D2C02B01AB8394400A45056 /* Resources */,
			);
			buildRules = (
			);
			dependencies = (
			);
			name = Melodies;
			productName = Melodies;
			productReference = 0D2C02B21AB8394400A45056 /* Melodies.app */;
			productType = "com.apple.product-type.application";
		};
		0D2C02CD1AB8394500A45056 /* MelodiesTests */ = {
			isa = PBXNativeTarget;
			buildConfigurationList = 0D2C02DB1AB8394500A45056 /* Build configuration list for PBXNativeTarget "MelodiesTests" */;
			buildPhases = (
				0D2C02CA1AB8394500A45056 /* Sources */,
				0D2C02CB1AB8394500A45056 /* Frameworks */,
				0D2C02CC1AB8394500A45056 /* Resources */,
			);
			buildRules = (
			);
			dependencies = (
				0D2C02D01AB8394500A45056 /* PBXTargetDependency */,
			);
			name = MelodiesTests;
			productName = MelodiesTests;
			productReference = 0D2C02CE1AB8394500A45056 /* MelodiesTests.xctest */;
			productType = "com.apple.product-type.bundle.unit-test";
		};
/* End PBXNativeTarget section */

/* Begin PBXProject section */
		0D2C02AA1AB8394400A45056 /* Project object */ = {
			isa = PBXProject;
			attributes = {
				LastUpgradeCheck = 0620;
				ORGANIZATIONNAME = "Evgeny Zorin";
				TargetAttributes = {
					0D2C02B11AB8394400A45056 = {
						CreatedOnToolsVersion = 6.2;
					};
					0D2C02CD1AB8394500A45056 = {
						CreatedOnToolsVersion = 6.2;
						TestTargetID = 0D2C02B11AB8394400A45056;
					};
				};
			};
			buildConfigurationList = 0D2C02AD1AB8394400A45056 /* Build configuration list for PBXProject "Melodies" */;
			compatibilityVersion = "Xcode 3.2";
			developmentRegion = English;
			hasScannedForEncodings = 0;
			knownRegions = (
				en,
				Base,
			);
			mainGroup = 0D2C02A91AB8394400A45056;
			productRefGroup = 0D2C02B31AB8394400A45056 /* Products */;
			projectDirPath = "";
			projectRoot = "";
			targets = (
				0D2C02B11AB8394400A45056 /* Melodies */,
				0D2C02CD1AB8394500A45056 /* MelodiesTests */,
			);
		};
/* End PBXProject section */

/* Begin PBXResourcesBuildPhase section */
		0D2C02B01AB8394400A45056 /* Resources */ = {
			isa = PBXResourcesBuildPhase;
			buildActionMask = 2147483647;
			files = (
				0D2C02C41AB8394400A45056 /* Main.storyboard in Resources */,
				0D2C033A1AB89ACB00A45056 /* Default-568h@2x.png in Resources */,
				0D2C02C91AB8394400A45056 /* LaunchScreen.xib in Resources */,
				0D2C02C61AB8394400A45056 /* Images.xcassets in Resources */,
			);
			runOnlyForDeploymentPostprocessing = 0;
		};
		0D2C02CC1AB8394500A45056 /* Resources */ = {
			isa = PBXResourcesBuildPhase;
			buildActionMask = 2147483647;
			files = (
			);
			runOnlyForDeploymentPostprocessing = 0;
		};
/* End PBXResourcesBuildPhase section */

/* Begin PBXSourcesBuildPhase section */
		0D2C02AE1AB8394400A45056 /* Sources */ = {
			isa = PBXSourcesBuildPhase;
			buildActionMask = 2147483647;
			files = (
				0D2C03251AB83CE500A45056 /* APINetController.m in Sources */,
				0D2C03301AB84BC900A45056 /* AsyncImageView.m in Sources */,
				0D2C03201AB83C8500A45056 /* UIRefreshControl+AFNetworking.m in Sources */,
				0D2C03161AB83C8500A45056 /* AFURLConnectionOperation.m in Sources */,
				0D2C02BB1AB8394400A45056 /* AppDelegate.m in Sources */,
				0D2C031F1AB83C8500A45056 /* UIProgressView+AFNetworking.m in Sources */,
				0D2C02BE1AB8394400A45056 /* MasterViewController.m in Sources */,
				0D2C031C1AB83C8500A45056 /* UIAlertView+AFNetworking.m in Sources */,
				0D2C032C1AB845A300A45056 /* MelodyTableViewCell.m in Sources */,
				0D2C02B81AB8394400A45056 /* main.m in Sources */,
				0D2C03181AB83C8500A45056 /* AFURLResponseSerialization.m in Sources */,
				0D2C031D1AB83C8500A45056 /* UIButton+AFNetworking.m in Sources */,
				0D2C02C11AB8394400A45056 /* DetailViewController.m in Sources */,
				0D2C031B1AB83C8500A45056 /* UIActivityIndicatorView+AFNetworking.m in Sources */,
				0D2C03171AB83C8500A45056 /* AFURLRequestSerialization.m in Sources */,
				0D2C031A1AB83C8500A45056 /* AFNetworkActivityIndicatorManager.m in Sources */,
				0D2C03151AB83C8500A45056 /* AFSecurityPolicy.m in Sources */,
				0D2C03111AB83C8400A45056 /* AFHTTPRequestOperation.m in Sources */,
				0D2C03191AB83C8500A45056 /* AFURLSessionManager.m in Sources */,
				0D2C02E91AB83BEE00A45056 /* Tags.m in Sources */,
				0D2C02E71AB83BEE00A45056 /* Melodies.m in Sources */,
				0D2C03131AB83C8500A45056 /* AFHTTPSessionManager.m in Sources */,
				0D2C02E81AB83BEE00A45056 /* MelodyModelData.m in Sources */,
				0D2C03211AB83C8500A45056 /* UIWebView+AFNetworking.m in Sources */,
				0D2C03141AB83C8500A45056 /* AFNetworkReachabilityManager.m in Sources */,
				0D2C031E1AB83C8500A45056 /* UIImageView+AFNetworking.m in Sources */,
				0D2C03121AB83C8400A45056 /* AFHTTPRequestOperationManager.m in Sources */,
				0D2C033E1AB89D8200A45056 /* MBProgressHUD.m in Sources */,
			);
			runOnlyForDeploymentPostprocessing = 0;
		};
		0D2C02CA1AB8394500A45056 /* Sources */ = {
			isa = PBXSourcesBuildPhase;
			buildActionMask = 2147483647;
			files = (
				0D2C02D51AB8394500A45056 /* MelodiesTests.m in Sources */,
			);
			runOnlyForDeploymentPostprocessing = 0;
		};
/* End PBXSourcesBuildPhase section */

/* Begin PBXTargetDependency section */
		0D2C02D01AB8394500A45056 /* PBXTargetDependency */ = {
			isa = PBXTargetDependency;
			target = 0D2C02B11AB8394400A45056 /* Melodies */;
			targetProxy = 0D2C02CF1AB8394500A45056 /* PBXContainerItemProxy */;
		};
/* End PBXTargetDependency section */

/* Begin PBXVariantGroup section */
		0D2C02C21AB8394400A45056 /* Main.storyboard */ = {
			isa = PBXVariantGroup;
			children = (
				0D2C02C31AB8394400A45056 /* Base */,
			);
			name = Main.storyboard;
			sourceTree = "<group>";
		};
		0D2C02C71AB8394400A45056 /* LaunchScreen.xib */ = {
			isa = PBXVariantGroup;
			children = (
				0D2C02C81AB8394400A45056 /* Base */,
			);
			name = LaunchScreen.xib;
			sourceTree = "<group>";
		};
/* End PBXVariantGroup section */

/* Begin XCBuildConfiguration section */
		0D2C02D61AB8394500A45056 /* Debug */ = {
			isa = XCBuildConfiguration;
			buildSettings = {
				ALWAYS_SEARCH_USER_PATHS = NO;
				CLANG_CXX_LANGUAGE_STANDARD = "gnu++0x";
				CLANG_CXX_LIBRARY = "libc++";
				CLANG_ENABLE_MODULES = YES;
				CLANG_ENABLE_OBJC_ARC = YES;
				CLANG_WARN_BOOL_CONVERSION = YES;
				CLANG_WARN_CONSTANT_CONVERSION = YES;
				CLANG_WARN_DIRECT_OBJC_ISA_USAGE = YES_ERROR;
				CLANG_WARN_EMPTY_BODY = YES;
				CLANG_WARN_ENUM_CONVERSION = YES;
				CLANG_WARN_INT_CONVERSION = YES;
				CLANG_WARN_OBJC_ROOT_CLASS = YES_ERROR;
				CLANG_WARN_UNREACHABLE_CODE = YES;
				CLANG_WARN__DUPLICATE_METHOD_MATCH = YES;
				"CODE_SIGN_IDENTITY[sdk=iphoneos*]" = "iPhone Developer";
				COPY_PHASE_STRIP = NO;
				ENABLE_STRICT_OBJC_MSGSEND = YES;
				GCC_C_LANGUAGE_STANDARD = gnu99;
				GCC_DYNAMIC_NO_PIC = NO;
				GCC_OPTIMIZATION_LEVEL = 0;
				GCC_PREPROCESSOR_DEFINITIONS = (
					"DEBUG=1",
					"$(inherited)",
				);
				GCC_SYMBOLS_PRIVATE_EXTERN = NO;
				GCC_WARN_64_TO_32_BIT_CONVERSION = YES;
				GCC_WARN_ABOUT_RETURN_TYPE = YES_ERROR;
				GCC_WARN_UNDECLARED_SELECTOR = YES;
				GCC_WARN_UNINITIALIZED_AUTOS = YES_AGGRESSIVE;
				GCC_WARN_UNUSED_FUNCTION = YES;
				GCC_WARN_UNUSED_VARIABLE = YES;
				IPHONEOS_DEPLOYMENT_TARGET = 8.2;
				MTL_ENABLE_DEBUG_INFO = YES;
				ONLY_ACTIVE_ARCH = YES;
				SDKROOT = iphoneos;
			};
			name = Debug;
		};
		0D2C02D71AB8394500A45056 /* Release */ = {
			isa = XCBuildConfiguration;
			buildSettings = {
				ALWAYS_SEARCH_USER_PATHS = NO;
				CLANG_CXX_LANGUAGE_STANDARD = "gnu++0x";
				CLANG_CXX_LIBRARY = "libc++";
				CLANG_ENABLE_MODULES = YES;
				CLANG_ENABLE_OBJC_ARC = YES;
				CLANG_WARN_BOOL_CONVERSION = YES;
				CLANG_WARN_CONSTANT_CONVERSION = YES;
				CLANG_WARN_DIRECT_OBJC_ISA_USAGE = YES_ERROR;
				CLANG_WARN_EMPTY_BODY = YES;
				CLANG_WARN_ENUM_CONVERSION = YES;
				CLANG_WARN_INT_CONVERSION = YES;
				CLANG_WARN_OBJC_ROOT_CLASS = YES_ERROR;
				CLANG_WARN_UNREACHABLE_CODE = YES;
				CLANG_WARN__DUPLICATE_METHOD_MATCH = YES;
				"CODE_SIGN_IDENTITY[sdk=iphoneos*]" = "iPhone Developer";
				COPY_PHASE_STRIP = NO;
				ENABLE_NS_ASSERTIONS = NO;
				ENABLE_STRICT_OBJC_MSGSEND = YES;
				GCC_C_LANGUAGE_STANDARD = gnu99;
				GCC_WARN_64_TO_32_BIT_CONVERSION = YES;
				GCC_WARN_ABOUT_RETURN_TYPE = YES_ERROR;
				GCC_WARN_UNDECLARED_SELECTOR = YES;
				GCC_WARN_UNINITIALIZED_AUTOS = YES_AGGRESSIVE;
				GCC_WARN_UNUSED_FUNCTION = YES;
				GCC_WARN_UNUSED_VARIABLE = YES;
				IPHONEOS_DEPLOYMENT_TARGET = 8.2;
				MTL_ENABLE_DEBUG_INFO = NO;
				SDKROOT = iphoneos;
				VALIDATE_PRODUCT = YES;
			};
			name = Release;
		};
		0D2C02D91AB8394500A45056 /* Debug */ = {
			isa = XCBuildConfiguration;
			buildSettings = {
				ASSETCATALOG_COMPILER_APPICON_NAME = AppIcon;
				INFOPLIST_FILE = Melodies/Info.plist;
				IPHONEOS_DEPLOYMENT_TARGET = 7.0;
				LD_RUNPATH_SEARCH_PATHS = "$(inherited) @executable_path/Frameworks";
				PRODUCT_NAME = "$(TARGET_NAME)";
				WARNING_CFLAGS = "-Wno-objc-designated-initializers";
			};
			name = Debug;
		};
		0D2C02DA1AB8394500A45056 /* Release */ = {
			isa = XCBuildConfiguration;
			buildSettings = {
				ASSETCATALOG_COMPILER_APPICON_NAME = AppIcon;
				INFOPLIST_FILE = Melodies/Info.plist;
				IPHONEOS_DEPLOYMENT_TARGET = 7.0;
				LD_RUNPATH_SEARCH_PATHS = "$(inherited) @executable_path/Frameworks";
				PRODUCT_NAME = "$(TARGET_NAME)";
				WARNING_CFLAGS = "-Wno-objc-designated-initializers";
			};
			name = Release;
		};
		0D2C02DC1AB8394500A45056 /* Debug */ = {
			isa = XCBuildConfiguration;
			buildSettings = {
				BUNDLE_LOADER = "$(TEST_HOST)";
				FRAMEWORK_SEARCH_PATHS = (
					"$(SDKROOT)/Developer/Library/Frameworks",
					"$(inherited)",
				);
				GCC_PREPROCESSOR_DEFINITIONS = (
					"DEBUG=1",
					"$(inherited)",
				);
				INFOPLIST_FILE = MelodiesTests/Info.plist;
				LD_RUNPATH_SEARCH_PATHS = "$(inherited) @executable_path/Frameworks @loader_path/Frameworks";
				PRODUCT_NAME = "$(TARGET_NAME)";
				TEST_HOST = "$(BUILT_PRODUCTS_DIR)/Melodies.app/Melodies";
			};
			name = Debug;
		};
		0D2C02DD1AB8394500A45056 /* Release */ = {
			isa = XCBuildConfiguration;
			buildSettings = {
				BUNDLE_LOADER = "$(TEST_HOST)";
				FRAMEWORK_SEARCH_PATHS = (
					"$(SDKROOT)/Developer/Library/Frameworks",
					"$(inherited)",
				);
				INFOPLIST_FILE = MelodiesTests/Info.plist;
				LD_RUNPATH_SEARCH_PATHS = "$(inherited) @executable_path/Frameworks @loader_path/Frameworks";
				PRODUCT_NAME = "$(TARGET_NAME)";
				TEST_HOST = "$(BUILT_PRODUCTS_DIR)/Melodies.app/Melodies";
			};
			name = Release;
		};
/* End XCBuildConfiguration section */

/* Begin XCConfigurationList section */
		0D2C02AD1AB8394400A45056 /* Build configuration list for PBXProject "Melodies" */ = {
			isa = XCConfigurationList;
			buildConfigurations = (
				0D2C02D61AB8394500A45056 /* Debug */,
				0D2C02D71AB8394500A45056 /* Release */,
			);
			defaultConfigurationIsVisible = 0;
			defaultConfigurationName = Release;
		};
		0D2C02D81AB8394500A45056 /* Build configuration list for PBXNativeTarget "Melodies" */ = {
			isa = XCConfigurationList;
			buildConfigurations = (
				0D2C02D91AB8394500A45056 /* Debug */,
				0D2C02DA1AB8394500A45056 /* Release */,
			);
			defaultConfigurationIsVisible = 0;
			defaultConfigurationName = Release;
		};
		0D2C02DB1AB8394500A45056 /* Build configuration list for PBXNativeTarget "MelodiesTests" */ = {
			isa = XCConfigurationList;
			buildConfigurations = (
				0D2C02DC1AB8394500A45056 /* Debug */,
				0D2C02DD1AB8394500A45056 /* Release */,
			);
			defaultConfigurationIsVisible = 0;
			defaultConfigurationName = Release;
		};
/* End XCConfigurationList section */
	};
	rootObject = 0D2C02AA1AB8394400A45056 /* Project object */;
}
